go=1.27.1
go_darwin_amd64_sha256=8f8f52c6649542cf027bbc9b9c68d1ec042f9f34808a40413f0b8b3f66f3caa4
go_darwin_arm64_sha256=ee215d57e0ec269c60cc9ceca68e6bda321ba9ee5afe24f4b0988703c2d87d12
go_linux_amd64_sha256=63d339f0da5ab53635a56f2490a7984dfe12dfcff22ad749f63edaf590168445
go_linux_arm64_sha256=3450b45a3f9ee8568792736a5c5e70a1f2e9b36c35a8f74958c03e51d7d92bec
go_build_image=golang:1.27.1-bookworm@sha256:69a7b9788769bec032d238959b61854e9ae87f57be9029ec04e9885fabf99195
runtime_image=debian:bookworm-slim@sha256:88200866dfff7ea7f5cbcb6ec7c8a701889efe6fe859fe64d6990e4b07ea4171
web_build_image=node:24.21.0-bookworm-slim@sha256:0e0ff40c39bc087845bfb27465a0df4ea419520094bc35842ff83dd8cbe6f9b6
duckdb=v2.0.0-dev84020
duckdb_commit=800d6b748774cc958731a14df7b9cb170b50c075
duckdb_source_sha256=226c9627c9c9379f6b1725e387339fd465e18c72a3dbeb6b65671eeb8cb29b5c
duckdb_httpfs_commit=ac145d8e83d1f3be97b978487cdf08c03f60df8c
duckdb_go_c_api_adapter=github.com/duckdb/duckdb-go/v2@v2.10505.0
postgres_image=postgres:17.11-bookworm@sha256:051f7b7b3abdd564d5d1bd1e8c4b9c1b6e77087d1dd22020ede611c096a272e0
pgbackrest=2.59.1
pgbackrest_source_sha256=1cd522afc33b8ff846ef88c55dc238717c9c8817a4f6ca7c9f64887de9c7402d
minio_image=quay.io/minio/minio:RELEASE.2025-09-07T16-13-09Z@sha256:14cea493d9a34af32f524e538b8346cf79f3321eff8e708c1e2960462bd8936e
minio_client_image=quay.io/minio/mc:RELEASE.2025-08-13T08-35-41Z@sha256:a7fe349ef4bd8521fb8497f55c6042871b2ae640607cf99d9bede5e9bdf11727
